
Microsoft Visual Studio Solution File, Format Version 12.00
# Visual Studio Version 16
VisualStudioVersion = 16.0.29424.173
MinimumVisualStudioVersion = 10.0.40219.1
Project("{9A19103F-16F7-4668-BE54-9A1E7A4F7556}") = "UrlShortener.Web", "UrlShortener.Web\UrlShortener.Web.csproj", "{3DD6D7E2-5FF7-40B0-971E-5C50C1BA3209}"
EndProject
Project("{9A19103F-16F7-4668-BE54-9A1E7A4F7556}") = "UrlShortener.Domain", "UrlShortener.Domain\UrlShortener.Domain.csproj", "{9B233DC5-BD36-4CBA-ACCE-F58410A10CD7}"
EndProject
Project("{9A19103F-16F7-4668-BE54-9A1E7A4F7556}") = "UrlShortener.Services", "UrlShortener.Services\UrlShortener.Services.csproj", "{0670D10C-DD70-4CD4-B5D6-0EE5F877661E}"
EndProject
Project("{9A19103F-16F7-4668-BE54-9A1E7A4F7556}") = "UrlShortener.Tests", "UrlShortener.Tests\UrlShortener.Tests.csproj", "{5A15A3CE-6E46-47E4-B70D-388A31B87AA9}"
EndProject
Global
	GlobalSection(SolutionConfigurationPlatforms) = preSolution
		Debug|Any CPU = Debug|Any CPU
		Release|Any CPU = Release|Any CPU
	EndGlobalSection
	GlobalSection(ProjectConfigurationPlatforms) = postSolution
		{3DD6D7E2-5FF7-40B0-971E-5C50C1BA3209}.Debug|Any CPU.ActiveCfg = Debug|Any CPU
		{3DD6D7E2-5FF7-40B0-971E-5C50C1BA3209}.Debug|Any CPU.Build.0 = Debug|Any CPU
		{3DD6D7E2-5FF7-40B0-971E-5C50C1BA3209}.Release|Any CPU.ActiveCfg = Release|Any CPU
		{3DD6D7E2-5FF7-40B0-971E-5C50C1BA3209}.Release|Any CPU.Build.0 = Release|Any CPU
		{9B233DC5-BD36-4CBA-ACCE-F58410A10CD7}.Debug|Any CPU.ActiveCfg = Debug|Any CPU
		{9B233DC5-BD36-4CBA-ACCE-F58410A10CD7}.Debug|Any CPU.Build.0 = Debug|Any CPU
		{9B233DC5-BD36-4CBA-ACCE-F58410A10CD7}.Release|Any CPU.ActiveCfg = Release|Any CPU
		{9B233DC5-BD36-4CBA-ACCE-F58410A10CD7}.Release|Any CPU.Build.0 = Release|Any CPU
		{0670D10C-DD70-4CD4-B5D6-0EE5F877661E}.Debug|Any CPU.ActiveCfg = Debug|Any CPU
		{0670D10C-DD70-4CD4-B5D6-0EE5F877661E}.Debug|Any CPU.Build.0 = Debug|Any CPU
		{0670D10C-DD70-4CD4-B5D6-0EE5F877661E}.Release|Any CPU.ActiveCfg = Release|Any CPU
		{0670D10C-DD70-4CD4-B5D6-0EE5F877661E}.Release|Any CPU.Build.0 = Release|Any CPU
		{5A15A3CE-6E46-47E4-B70D-388A31B87AA9}.Debug|Any CPU.ActiveCfg = Debug|Any CPU
		{5A15A3CE-6E46-47E4-B70D-388A31B87AA9}.Debug|Any CPU.Build.0 = Debug|Any CPU
		{5A15A3CE-6E46-47E4-B70D-388A31B87AA9}.Release|Any CPU.ActiveCfg = Release|Any CPU
		{5A15A3CE-6E46-47E4-B70D-388A31B87AA9}.Release|Any CPU.Build.0 = Release|Any CPU
	EndGlobalSection
	GlobalSection(SolutionProperties) = preSolution
		HideSolutionNode = FALSE
	EndGlobalSection
	GlobalSection(ExtensibilityGlobals) = postSolution
		SolutionGuid = {AA9CB6F3-D09D-484C-AA05-74B0EB92F416}
	EndGlobalSection
EndGlobal
